<Solution>
  <Folder Name="/src/">
    <Project Path="src/SimpleStore.AppHost/SimpleStore.AppHost.csproj" />
    <Project Path="src/SimpleStore.Data/SimpleStore.Data.csproj" />
    <Project Path="src/SimpleStore.ServiceDefaults/SimpleStore.ServiceDefaults.csproj" />
    <Project Path="src/SimpleStore.Web/SimpleStore.Web.csproj" />
  </Folder>
</Solution>
