<Solution>
  <Folder Name="/src/">
    <Project Path="src/SimpleStore.Admin/SimpleStore.Admin.csproj" />
    <Project Path="src/SimpleStore.Data/SimpleStore.Data.csproj" />
    <Project Path="src/SimpleStore.Web/SimpleStore.Web.csproj" />
  </Folder>
  <Project Path="src/SimpleStore.AppHost/SimpleStore.AppHost.csproj" Id="25d9c4d7-07ad-4d61-8b98-9f247c5df997" />
  <Project Path="src/SimpleStore.ServiceDefaults/SimpleStore.ServiceDefaults.csproj" />
</Solution>
